github.com/RoughCookiexx/twitch_chat_subscriber v0.0.0-20250530192038-27a65acc76a9 h1:kaG2bIrdppBnhHd9+xet3atG2UBb3J32Mvdx9tE9WrM=
github.com/RoughCookiexx/twitch_chat_subscriber v0.0.0-20250530192038-27a65acc76a9/go.mod h1:VOsTwnf2ntUngOtlTRsrtraPmLHkD652w6MoYqbZtBw=
github.com/RoughCookiexx/twitch_chat_subscriber v0.0.0-20250530193611-80995341a467 h1:+NxvDJbX0uXKJgAGKO3Vm1yHTYTXvM4bgj/OUGwKIcw=
github.com/RoughCookiexx/twitch_chat_subscriber v0.0.0-20250530193611-80995341a467/go.mod h1:VOsTwnf2ntUngOtlTRsrtraPmLHkD652w6MoYqbZtBw=
