github.com/RoughCookiexx/twitch_chat_subscriber v0.0.0-20250530205636-8810872296c0 h1:lozufoKqDQi4/7qAhVEHKh/1lTR77P8KrfOTyujf3As=
github.com/RoughCookiexx/twitch_chat_subscriber v0.0.0-20250530205636-8810872296c0/go.mod h1:VOsTwnf2ntUngOtlTRsrtraPmLHkD652w6MoYqbZtBw=
github.com/RoughCookiexx/twitch_chat_subscriber v0.0.0-20250530210647-4dbaff645099 h1:BFfjVtD+cSM+DS88jZrBbwQuLHu+H9jHCsPLv0gkzAc=
github.com/RoughCookiexx/twitch_chat_subscriber v0.0.0-20250530210647-4dbaff645099/go.mod h1:VOsTwnf2ntUngOtlTRsrtraPmLHkD652w6MoYqbZtBw=
